
Microsoft Visual Studio Solution File, Format Version 12.00
Project("{FAE04EC0-301F-11D3-BF4B-00C04F79EFBC}") = "Book", "Book\Book.csproj", "{07F2FD4B-EE28-4C39-B9EF-3C5593544C31}"
EndProject
Project("{FAE04EC0-301F-11D3-BF4B-00C04F79EFBC}") = "WebApplication1", "WebApplication1\WebApplication1.csproj", "{93096E9E-D430-4C5B-B68E-B49CE428BD67}"
EndProject
Project("{FAE04EC0-301F-11D3-BF4B-00C04F79EFBC}") = "Test", "Test\Test.csproj", "{B5B8FC44-4855-4BBC-BFE2-079D00E5F8C1}"
EndProject
Global
	GlobalSection(SolutionConfigurationPlatforms) = preSolution
		Debug|Any CPU = Debug|Any CPU
		Release|Any CPU = Release|Any CPU
	EndGlobalSection
	GlobalSection(ProjectConfigurationPlatforms) = postSolution
		{07F2FD4B-EE28-4C39-B9EF-3C5593544C31}.Debug|Any CPU.ActiveCfg = Debug|Any CPU
		{07F2FD4B-EE28-4C39-B9EF-3C5593544C31}.Debug|Any CPU.Build.0 = Debug|Any CPU
		{07F2FD4B-EE28-4C39-B9EF-3C5593544C31}.Release|Any CPU.ActiveCfg = Release|Any CPU
		{07F2FD4B-EE28-4C39-B9EF-3C5593544C31}.Release|Any CPU.Build.0 = Release|Any CPU
		{93096E9E-D430-4C5B-B68E-B49CE428BD67}.Debug|Any CPU.ActiveCfg = Debug|Any CPU
		{93096E9E-D430-4C5B-B68E-B49CE428BD67}.Debug|Any CPU.Build.0 = Debug|Any CPU
		{93096E9E-D430-4C5B-B68E-B49CE428BD67}.Release|Any CPU.ActiveCfg = Release|Any CPU
		{93096E9E-D430-4C5B-B68E-B49CE428BD67}.Release|Any CPU.Build.0 = Release|Any CPU
		{B5B8FC44-4855-4BBC-BFE2-079D00E5F8C1}.Debug|Any CPU.ActiveCfg = Debug|Any CPU
		{B5B8FC44-4855-4BBC-BFE2-079D00E5F8C1}.Debug|Any CPU.Build.0 = Debug|Any CPU
		{B5B8FC44-4855-4BBC-BFE2-079D00E5F8C1}.Release|Any CPU.ActiveCfg = Release|Any CPU
		{B5B8FC44-4855-4BBC-BFE2-079D00E5F8C1}.Release|Any CPU.Build.0 = Release|Any CPU
	EndGlobalSection
EndGlobal
